
Microsoft Visual Studio Solution File, Format Version 12.00
# Visual Studio Version 16
VisualStudioVersion = 16.0.28803.202
MinimumVisualStudioVersion = 10.0.40219.1
Project("{8BC9CEB8-8B4A-11D0-8D11-00A0C91BC942}") = "Game_1", "Game_1\Game_1.vcxproj", "{54193B42-FB26-4B4F-B7F4-E342721C0E9E}"
EndProject
Global
	GlobalSection(SolutionConfigurationPlatforms) = preSolution
		Debug|x64 = Debug|x64
		Debug|x86 = Debug|x86
		Release|x64 = Release|x64
		Release|x86 = Release|x86
	EndGlobalSection
	GlobalSection(ProjectConfigurationPlatforms) = postSolution
		{54193B42-FB26-4B4F-B7F4-E342721C0E9E}.Debug|x64.ActiveCfg = Debug|x64
		{54193B42-FB26-4B4F-B7F4-E342721C0E9E}.Debug|x64.Build.0 = Debug|x64
		{54193B42-FB26-4B4F-B7F4-E342721C0E9E}.Debug|x86.ActiveCfg = Debug|Win32
		{54193B42-FB26-4B4F-B7F4-E342721C0E9E}.Debug|x86.Build.0 = Debug|Win32
		{54193B42-FB26-4B4F-B7F4-E342721C0E9E}.Release|x64.ActiveCfg = Release|x64
		{54193B42-FB26-4B4F-B7F4-E342721C0E9E}.Release|x64.Build.0 = Release|x64
		{54193B42-FB26-4B4F-B7F4-E342721C0E9E}.Release|x86.ActiveCfg = Release|Win32
		{54193B42-FB26-4B4F-B7F4-E342721C0E9E}.Release|x86.Build.0 = Release|Win32
	EndGlobalSection
	GlobalSection(SolutionProperties) = preSolution
		HideSolutionNode = FALSE
	EndGlobalSection
	GlobalSection(ExtensibilityGlobals) = postSolution
		SolutionGuid = {0FA45AF1-2548-4AC4-A47E-F7E7C6965C90}
	EndGlobalSection
EndGlobal
